
Microsoft Visual Studio Solution File, Format Version 12.00
# Visual Studio Version 17
VisualStudioVersion = 17.10.35013.160
MinimumVisualStudioVersion = 10.0.40219.1
Project("{FAE04EC0-301F-11D3-BF4B-00C04F79EFBC}") = "ItemsDescriptions", "ItemsDescriptions\ItemsDescriptions.csproj", "{9285B165-D62E-4B3B-8AAB-42137E1732DD}"
EndProject
Global
	GlobalSection(SolutionConfigurationPlatforms) = preSolution
		Debug|Any CPU = Debug|Any CPU
		Release|Any CPU = Release|Any CPU
	EndGlobalSection
	GlobalSection(ProjectConfigurationPlatforms) = postSolution
		{9285B165-D62E-4B3B-8AAB-42137E1732DD}.Debug|Any CPU.ActiveCfg = Debug|Any CPU
		{9285B165-D62E-4B3B-8AAB-42137E1732DD}.Debug|Any CPU.Build.0 = Debug|Any CPU
		{9285B165-D62E-4B3B-8AAB-42137E1732DD}.Release|Any CPU.ActiveCfg = Release|Any CPU
		{9285B165-D62E-4B3B-8AAB-42137E1732DD}.Release|Any CPU.Build.0 = Release|Any CPU
	EndGlobalSection
	GlobalSection(SolutionProperties) = preSolution
		HideSolutionNode = FALSE
	EndGlobalSection
	GlobalSection(ExtensibilityGlobals) = postSolution
		SolutionGuid = {3F7013CD-E260-4CD5-A682-7EC0EE8B9E37}
	EndGlobalSection
EndGlobal
